
Microsoft Visual Studio Solution File, Format Version 12.00
# Visual Studio 14
VisualStudioVersion = 14.0.25420.1
MinimumVisualStudioVersion = 10.0.40219.1
Project("{2150E333-8FDC-42A3-9474-1A3956D46DE8}") = "src", "src", "{B21E926F-EDEC-44F4-A1EF-858367B11688}"
EndProject
Project("{2150E333-8FDC-42A3-9474-1A3956D46DE8}") = "Solution Items", "Solution Items", "{E0923D5A-8CD3-415A-9DC7-681A9326C84F}"
	ProjectSection(SolutionItems) = preProject
		global.json = global.json
	EndProjectSection
EndProject
Project("{8BB2217D-0F2D-49D1-97BC-3654ED321F3B}") = "Shared.Infrastructure", "src\Shared.Infrastructure\Shared.Infrastructure.xproj", "{1B0C3AE6-00AD-4E73-BDBD-EF681781F4AF}"
EndProject
Project("{2150E333-8FDC-42A3-9474-1A3956D46DE8}") = "test", "test", "{18A507B3-A1B1-49DC-A0CD-632A5D2FDA01}"
EndProject
Global
	GlobalSection(SolutionConfigurationPlatforms) = preSolution
		Debug|Any CPU = Debug|Any CPU
		Release|Any CPU = Release|Any CPU
	EndGlobalSection
	GlobalSection(ProjectConfigurationPlatforms) = postSolution
		{1B0C3AE6-00AD-4E73-BDBD-EF681781F4AF}.Debug|Any CPU.ActiveCfg = Debug|Any CPU
		{1B0C3AE6-00AD-4E73-BDBD-EF681781F4AF}.Debug|Any CPU.Build.0 = Debug|Any CPU
		{1B0C3AE6-00AD-4E73-BDBD-EF681781F4AF}.Release|Any CPU.ActiveCfg = Release|Any CPU
		{1B0C3AE6-00AD-4E73-BDBD-EF681781F4AF}.Release|Any CPU.Build.0 = Release|Any CPU
	EndGlobalSection
	GlobalSection(SolutionProperties) = preSolution
		HideSolutionNode = FALSE
	EndGlobalSection
	GlobalSection(NestedProjects) = preSolution
		{1B0C3AE6-00AD-4E73-BDBD-EF681781F4AF} = {B21E926F-EDEC-44F4-A1EF-858367B11688}
	EndGlobalSection
EndGlobal
